
Microsoft Visual Studio Solution File, Format Version 12.00
# Visual Studio Version 17
VisualStudioVersion = 17.9.34728.123
MinimumVisualStudioVersion = 10.0.40219.1
Project("{FAE04EC0-301F-11D3-BF4B-00C04F79EFBC}") = "ActivityHub.Domain", "ActivityHub.Domain\ActivityHub.Domain.csproj", "{558C7E88-237C-4275-A202-DF5E4529D5C2}"
EndProject
Project("{FAE04EC0-301F-11D3-BF4B-00C04F79EFBC}") = "ActivityHub.Application", "ActivityHub.Application\ActivityHub.Application.csproj", "{F0EBD82D-C96F-405A-A2B8-9B30F76F5B8D}"
EndProject
Project("{FAE04EC0-301F-11D3-BF4B-00C04F79EFBC}") = "ActivitiyHub.Infrastructure", "ActivitiyHub.Infrastructure\ActivitiyHub.Infrastructure.csproj", "{7C100FA5-49D8-4164-8EBF-7337458A4192}"
EndProject
Project("{FAE04EC0-301F-11D3-BF4B-00C04F79EFBC}") = "ActivityHub.Presantaion", "ActivityHub.Presantaion\ActivityHub.Presantaion.csproj", "{5D49177F-B521-45E0-991E-614ABD454BB4}"
EndProject
Project("{FAE04EC0-301F-11D3-BF4B-00C04F79EFBC}") = "ActivityHub.Persistance", "ActivityHub.Persistance\ActivityHub.Persistance.csproj", "{C694FE9A-BCC7-43A4-8BAC-3953197528BE}"
EndProject
Global
	GlobalSection(SolutionConfigurationPlatforms) = preSolution
		Debug|Any CPU = Debug|Any CPU
		Release|Any CPU = Release|Any CPU
	EndGlobalSection
	GlobalSection(ProjectConfigurationPlatforms) = postSolution
		{558C7E88-237C-4275-A202-DF5E4529D5C2}.Debug|Any CPU.ActiveCfg = Debug|Any CPU
		{558C7E88-237C-4275-A202-DF5E4529D5C2}.Debug|Any CPU.Build.0 = Debug|Any CPU
		{558C7E88-237C-4275-A202-DF5E4529D5C2}.Release|Any CPU.ActiveCfg = Release|Any CPU
		{558C7E88-237C-4275-A202-DF5E4529D5C2}.Release|Any CPU.Build.0 = Release|Any CPU
		{F0EBD82D-C96F-405A-A2B8-9B30F76F5B8D}.Debug|Any CPU.ActiveCfg = Debug|Any CPU
		{F0EBD82D-C96F-405A-A2B8-9B30F76F5B8D}.Debug|Any CPU.Build.0 = Debug|Any CPU
		{F0EBD82D-C96F-405A-A2B8-9B30F76F5B8D}.Release|Any CPU.ActiveCfg = Release|Any CPU
		{F0EBD82D-C96F-405A-A2B8-9B30F76F5B8D}.Release|Any CPU.Build.0 = Release|Any CPU
		{7C100FA5-49D8-4164-8EBF-7337458A4192}.Debug|Any CPU.ActiveCfg = Debug|Any CPU
		{7C100FA5-49D8-4164-8EBF-7337458A4192}.Debug|Any CPU.Build.0 = Debug|Any CPU
		{7C100FA5-49D8-4164-8EBF-7337458A4192}.Release|Any CPU.ActiveCfg = Release|Any CPU
		{7C100FA5-49D8-4164-8EBF-7337458A4192}.Release|Any CPU.Build.0 = Release|Any CPU
		{5D49177F-B521-45E0-991E-614ABD454BB4}.Debug|Any CPU.ActiveCfg = Debug|Any CPU
		{5D49177F-B521-45E0-991E-614ABD454BB4}.Debug|Any CPU.Build.0 = Debug|Any CPU
		{5D49177F-B521-45E0-991E-614ABD454BB4}.Release|Any CPU.ActiveCfg = Release|Any CPU
		{5D49177F-B521-45E0-991E-614ABD454BB4}.Release|Any CPU.Build.0 = Release|Any CPU
		{C694FE9A-BCC7-43A4-8BAC-3953197528BE}.Debug|Any CPU.ActiveCfg = Debug|Any CPU
		{C694FE9A-BCC7-43A4-8BAC-3953197528BE}.Debug|Any CPU.Build.0 = Debug|Any CPU
		{C694FE9A-BCC7-43A4-8BAC-3953197528BE}.Release|Any CPU.ActiveCfg = Release|Any CPU
		{C694FE9A-BCC7-43A4-8BAC-3953197528BE}.Release|Any CPU.Build.0 = Release|Any CPU
	EndGlobalSection
	GlobalSection(SolutionProperties) = preSolution
		HideSolutionNode = FALSE
	EndGlobalSection
	GlobalSection(ExtensibilityGlobals) = postSolution
		SolutionGuid = {92BB8011-50A7-4CE7-B0C4-20E3FA99BB3C}
	EndGlobalSection
EndGlobal
